
Microsoft Visual Studio Solution File, Format Version 12.00
# Visual Studio Version 17
VisualStudioVersion = 17.0.32014.148
MinimumVisualStudioVersion = 10.0.40219.1
Project("{FAE04EC0-301F-11D3-BF4B-00C04F79EFBC}") = "ClassMetodDemo", "ClassMetotDemo\ClassMetodDemo.csproj", "{130CD7D1-6D94-412C-9E8D-34D334F2E1A8}"
EndProject
Global
	GlobalSection(SolutionConfigurationPlatforms) = preSolution
		Debug|Any CPU = Debug|Any CPU
		Release|Any CPU = Release|Any CPU
	EndGlobalSection
	GlobalSection(ProjectConfigurationPlatforms) = postSolution
		{130CD7D1-6D94-412C-9E8D-34D334F2E1A8}.Debug|Any CPU.ActiveCfg = Debug|Any CPU
		{130CD7D1-6D94-412C-9E8D-34D334F2E1A8}.Debug|Any CPU.Build.0 = Debug|Any CPU
		{130CD7D1-6D94-412C-9E8D-34D334F2E1A8}.Release|Any CPU.ActiveCfg = Release|Any CPU
		{130CD7D1-6D94-412C-9E8D-34D334F2E1A8}.Release|Any CPU.Build.0 = Release|Any CPU
	EndGlobalSection
	GlobalSection(SolutionProperties) = preSolution
		HideSolutionNode = FALSE
	EndGlobalSection
	GlobalSection(ExtensibilityGlobals) = postSolution
		SolutionGuid = {DB272ED5-966D-43EE-AC5F-6F7D92E8F737}
	EndGlobalSection
EndGlobal
