
Microsoft Visual Studio Solution File, Format Version 12.00
# Visual Studio Version 17
VisualStudioVersion = 17.0.32014.148
MinimumVisualStudioVersion = 10.0.40219.1
Project("{FAE04EC0-301F-11D3-BF4B-00C04F79EFBC}") = "DataAccess", "DataAccess\DataAccess.csproj", "{B09595DB-EC4A-4647-949E-FFD18E710FF2}"
EndProject
Project("{FAE04EC0-301F-11D3-BF4B-00C04F79EFBC}") = "Business", "Business\Business.csproj", "{6991899C-9B20-44C1-A041-6F4E9E450DAF}"
EndProject
Project("{FAE04EC0-301F-11D3-BF4B-00C04F79EFBC}") = "Entities", "Entities\Entities.csproj", "{BA10E293-71E7-4FEF-A5FD-25955595AD11}"
EndProject
Project("{FAE04EC0-301F-11D3-BF4B-00C04F79EFBC}") = "ConsoleUI", "ConsoleUI\ConsoleUI.csproj", "{6402EC78-37EB-496C-A392-751249A5BFC7}"
EndProject
Global
	GlobalSection(SolutionConfigurationPlatforms) = preSolution
		Debug|Any CPU = Debug|Any CPU
		Release|Any CPU = Release|Any CPU
	EndGlobalSection
	GlobalSection(ProjectConfigurationPlatforms) = postSolution
		{B09595DB-EC4A-4647-949E-FFD18E710FF2}.Debug|Any CPU.ActiveCfg = Debug|Any CPU
		{B09595DB-EC4A-4647-949E-FFD18E710FF2}.Debug|Any CPU.Build.0 = Debug|Any CPU
		{B09595DB-EC4A-4647-949E-FFD18E710FF2}.Release|Any CPU.ActiveCfg = Release|Any CPU
		{B09595DB-EC4A-4647-949E-FFD18E710FF2}.Release|Any CPU.Build.0 = Release|Any CPU
		{6991899C-9B20-44C1-A041-6F4E9E450DAF}.Debug|Any CPU.ActiveCfg = Debug|Any CPU
		{6991899C-9B20-44C1-A041-6F4E9E450DAF}.Debug|Any CPU.Build.0 = Debug|Any CPU
		{6991899C-9B20-44C1-A041-6F4E9E450DAF}.Release|Any CPU.ActiveCfg = Release|Any CPU
		{6991899C-9B20-44C1-A041-6F4E9E450DAF}.Release|Any CPU.Build.0 = Release|Any CPU
		{BA10E293-71E7-4FEF-A5FD-25955595AD11}.Debug|Any CPU.ActiveCfg = Debug|Any CPU
		{BA10E293-71E7-4FEF-A5FD-25955595AD11}.Debug|Any CPU.Build.0 = Debug|Any CPU
		{BA10E293-71E7-4FEF-A5FD-25955595AD11}.Release|Any CPU.ActiveCfg = Release|Any CPU
		{BA10E293-71E7-4FEF-A5FD-25955595AD11}.Release|Any CPU.Build.0 = Release|Any CPU
		{6402EC78-37EB-496C-A392-751249A5BFC7}.Debug|Any CPU.ActiveCfg = Debug|Any CPU
		{6402EC78-37EB-496C-A392-751249A5BFC7}.Debug|Any CPU.Build.0 = Debug|Any CPU
		{6402EC78-37EB-496C-A392-751249A5BFC7}.Release|Any CPU.ActiveCfg = Release|Any CPU
		{6402EC78-37EB-496C-A392-751249A5BFC7}.Release|Any CPU.Build.0 = Release|Any CPU
	EndGlobalSection
	GlobalSection(SolutionProperties) = preSolution
		HideSolutionNode = FALSE
	EndGlobalSection
	GlobalSection(ExtensibilityGlobals) = postSolution
		SolutionGuid = {1940DFFC-DCAD-439D-87B7-A10C11BF759F}
	EndGlobalSection
EndGlobal
