
Microsoft Visual Studio Solution File, Format Version 12.00
# Visual Studio Version 17
VisualStudioVersion = 17.0.32014.148
MinimumVisualStudioVersion = 10.0.40219.1
Project("{9A19103F-16F7-4668-BE54-9A1E7A4F7556}") = "KampIntro", "KampIntro\KampIntro.csproj", "{8DC329C6-52CE-438C-83EA-5D4161C118CA}"
EndProject
Project("{9A19103F-16F7-4668-BE54-9A1E7A4F7556}") = "Donguler", "Donguler\Donguler.csproj", "{1E321A28-20B7-4D1D-AE1E-2EE57C1CAF54}"
EndProject
Project("{9A19103F-16F7-4668-BE54-9A1E7A4F7556}") = "ClassIntro", "ClassIntro\ClassIntro.csproj", "{7D83BED9-9207-41F8-8C0E-C5BD1F1328CD}"
EndProject
Project("{9A19103F-16F7-4668-BE54-9A1E7A4F7556}") = "Metotlar", "Metotlar\Metotlar.csproj", "{9972E2FF-4CC4-4CFB-9D70-0E77C1398E0B}"
EndProject
Project("{9A19103F-16F7-4668-BE54-9A1E7A4F7556}") = "Matematik", "Matematik\Matematik.csproj", "{F352EFA2-925E-4EF2-9C85-EF8944FC2D4B}"
EndProject
Project("{9A19103F-16F7-4668-BE54-9A1E7A4F7556}") = "DegerVeReferansTipler", "DegerVeReferansTipler\DegerVeReferansTipler.csproj", "{ED5619FA-3ADB-4D57-85DB-3E2ED1F02147}"
EndProject
Project("{9A19103F-16F7-4668-BE54-9A1E7A4F7556}") = "OOP1", "OOP1\OOP1.csproj", "{E0F16913-7BE3-4D07-B22E-634BD962A3E9}"
EndProject
Project("{9A19103F-16F7-4668-BE54-9A1E7A4F7556}") = "OOP2", "OOP2\OOP2.csproj", "{A23C6D7F-23DC-4EEA-A53C-03077B1E5B98}"
EndProject
Project("{9A19103F-16F7-4668-BE54-9A1E7A4F7556}") = "Koleksiyonlar", "Koleksiyonlar\Koleksiyonlar.csproj", "{3E5BD6FF-8F7D-4224-9BDE-B2B49C17D817}"
EndProject
Project("{9A19103F-16F7-4668-BE54-9A1E7A4F7556}") = "GenericsIntro", "GenericsIntro\GenericsIntro.csproj", "{424E4BB8-EE39-428C-A203-BAA50E63B32D}"
EndProject
Project("{9A19103F-16F7-4668-BE54-9A1E7A4F7556}") = "OOP3", "OOP3\OOP3.csproj", "{6324B109-1CB5-4516-BB2C-FDC37E522EEC}"
EndProject
Project("{9A19103F-16F7-4668-BE54-9A1E7A4F7556}") = "GameProject", "GameProject\GameProject.csproj", "{3F9DC813-F597-4D46-8045-491AB6746CBC}"
EndProject
Project("{FAE04EC0-301F-11D3-BF4B-00C04F79EFBC}") = "Dictionary", "Dictionary\Dictionary.csproj", "{4B1B4231-EC8E-46DE-B212-C7C459D35364}"
EndProject
Global
	GlobalSection(SolutionConfigurationPlatforms) = preSolution
		Debug|Any CPU = Debug|Any CPU
		Release|Any CPU = Release|Any CPU
	EndGlobalSection
	GlobalSection(ProjectConfigurationPlatforms) = postSolution
		{8DC329C6-52CE-438C-83EA-5D4161C118CA}.Debug|Any CPU.ActiveCfg = Debug|Any CPU
		{8DC329C6-52CE-438C-83EA-5D4161C118CA}.Debug|Any CPU.Build.0 = Debug|Any CPU
		{8DC329C6-52CE-438C-83EA-5D4161C118CA}.Release|Any CPU.ActiveCfg = Release|Any CPU
		{8DC329C6-52CE-438C-83EA-5D4161C118CA}.Release|Any CPU.Build.0 = Release|Any CPU
		{1E321A28-20B7-4D1D-AE1E-2EE57C1CAF54}.Debug|Any CPU.ActiveCfg = Debug|Any CPU
		{1E321A28-20B7-4D1D-AE1E-2EE57C1CAF54}.Debug|Any CPU.Build.0 = Debug|Any CPU
		{1E321A28-20B7-4D1D-AE1E-2EE57C1CAF54}.Release|Any CPU.ActiveCfg = Release|Any CPU
		{1E321A28-20B7-4D1D-AE1E-2EE57C1CAF54}.Release|Any CPU.Build.0 = Release|Any CPU
		{7D83BED9-9207-41F8-8C0E-C5BD1F1328CD}.Debug|Any CPU.ActiveCfg = Debug|Any CPU
		{7D83BED9-9207-41F8-8C0E-C5BD1F1328CD}.Debug|Any CPU.Build.0 = Debug|Any CPU
		{7D83BED9-9207-41F8-8C0E-C5BD1F1328CD}.Release|Any CPU.ActiveCfg = Release|Any CPU
		{7D83BED9-9207-41F8-8C0E-C5BD1F1328CD}.Release|Any CPU.Build.0 = Release|Any CPU
		{9972E2FF-4CC4-4CFB-9D70-0E77C1398E0B}.Debug|Any CPU.ActiveCfg = Debug|Any CPU
		{9972E2FF-4CC4-4CFB-9D70-0E77C1398E0B}.Debug|Any CPU.Build.0 = Debug|Any CPU
		{9972E2FF-4CC4-4CFB-9D70-0E77C1398E0B}.Release|Any CPU.ActiveCfg = Release|Any CPU
		{9972E2FF-4CC4-4CFB-9D70-0E77C1398E0B}.Release|Any CPU.Build.0 = Release|Any CPU
		{F352EFA2-925E-4EF2-9C85-EF8944FC2D4B}.Debug|Any CPU.ActiveCfg = Debug|Any CPU
		{F352EFA2-925E-4EF2-9C85-EF8944FC2D4B}.Debug|Any CPU.Build.0 = Debug|Any CPU
		{F352EFA2-925E-4EF2-9C85-EF8944FC2D4B}.Release|Any CPU.ActiveCfg = Release|Any CPU
		{F352EFA2-925E-4EF2-9C85-EF8944FC2D4B}.Release|Any CPU.Build.0 = Release|Any CPU
		{ED5619FA-3ADB-4D57-85DB-3E2ED1F02147}.Debug|Any CPU.ActiveCfg = Debug|Any CPU
		{ED5619FA-3ADB-4D57-85DB-3E2ED1F02147}.Debug|Any CPU.Build.0 = Debug|Any CPU
		{ED5619FA-3ADB-4D57-85DB-3E2ED1F02147}.Release|Any CPU.ActiveCfg = Release|Any CPU
		{ED5619FA-3ADB-4D57-85DB-3E2ED1F02147}.Release|Any CPU.Build.0 = Release|Any CPU
		{E0F16913-7BE3-4D07-B22E-634BD962A3E9}.Debug|Any CPU.ActiveCfg = Debug|Any CPU
		{E0F16913-7BE3-4D07-B22E-634BD962A3E9}.Debug|Any CPU.Build.0 = Debug|Any CPU
		{E0F16913-7BE3-4D07-B22E-634BD962A3E9}.Release|Any CPU.ActiveCfg = Release|Any CPU
		{E0F16913-7BE3-4D07-B22E-634BD962A3E9}.Release|Any CPU.Build.0 = Release|Any CPU
		{A23C6D7F-23DC-4EEA-A53C-03077B1E5B98}.Debug|Any CPU.ActiveCfg = Debug|Any CPU
		{A23C6D7F-23DC-4EEA-A53C-03077B1E5B98}.Debug|Any CPU.Build.0 = Debug|Any CPU
		{A23C6D7F-23DC-4EEA-A53C-03077B1E5B98}.Release|Any CPU.ActiveCfg = Release|Any CPU
		{A23C6D7F-23DC-4EEA-A53C-03077B1E5B98}.Release|Any CPU.Build.0 = Release|Any CPU
		{3E5BD6FF-8F7D-4224-9BDE-B2B49C17D817}.Debug|Any CPU.ActiveCfg = Debug|Any CPU
		{3E5BD6FF-8F7D-4224-9BDE-B2B49C17D817}.Debug|Any CPU.Build.0 = Debug|Any CPU
		{3E5BD6FF-8F7D-4224-9BDE-B2B49C17D817}.Release|Any CPU.ActiveCfg = Release|Any CPU
		{3E5BD6FF-8F7D-4224-9BDE-B2B49C17D817}.Release|Any CPU.Build.0 = Release|Any CPU
		{424E4BB8-EE39-428C-A203-BAA50E63B32D}.Debug|Any CPU.ActiveCfg = Debug|Any CPU
		{424E4BB8-EE39-428C-A203-BAA50E63B32D}.Debug|Any CPU.Build.0 = Debug|Any CPU
		{424E4BB8-EE39-428C-A203-BAA50E63B32D}.Release|Any CPU.ActiveCfg = Release|Any CPU
		{424E4BB8-EE39-428C-A203-BAA50E63B32D}.Release|Any CPU.Build.0 = Release|Any CPU
		{6324B109-1CB5-4516-BB2C-FDC37E522EEC}.Debug|Any CPU.ActiveCfg = Debug|Any CPU
		{6324B109-1CB5-4516-BB2C-FDC37E522EEC}.Debug|Any CPU.Build.0 = Debug|Any CPU
		{6324B109-1CB5-4516-BB2C-FDC37E522EEC}.Release|Any CPU.ActiveCfg = Release|Any CPU
		{6324B109-1CB5-4516-BB2C-FDC37E522EEC}.Release|Any CPU.Build.0 = Release|Any CPU
		{3F9DC813-F597-4D46-8045-491AB6746CBC}.Debug|Any CPU.ActiveCfg = Debug|Any CPU
		{3F9DC813-F597-4D46-8045-491AB6746CBC}.Debug|Any CPU.Build.0 = Debug|Any CPU
		{3F9DC813-F597-4D46-8045-491AB6746CBC}.Release|Any CPU.ActiveCfg = Release|Any CPU
		{3F9DC813-F597-4D46-8045-491AB6746CBC}.Release|Any CPU.Build.0 = Release|Any CPU
		{4B1B4231-EC8E-46DE-B212-C7C459D35364}.Debug|Any CPU.ActiveCfg = Debug|Any CPU
		{4B1B4231-EC8E-46DE-B212-C7C459D35364}.Debug|Any CPU.Build.0 = Debug|Any CPU
		{4B1B4231-EC8E-46DE-B212-C7C459D35364}.Release|Any CPU.ActiveCfg = Release|Any CPU
		{4B1B4231-EC8E-46DE-B212-C7C459D35364}.Release|Any CPU.Build.0 = Release|Any CPU
	EndGlobalSection
	GlobalSection(SolutionProperties) = preSolution
		HideSolutionNode = FALSE
	EndGlobalSection
	GlobalSection(ExtensibilityGlobals) = postSolution
		SolutionGuid = {F77CB068-1F1E-4349-B8EE-0042F65B20D4}
	EndGlobalSection
EndGlobal
